
Microsoft Visual Studio Solution File, Format Version 12.00
# Visual Studio Version 16
VisualStudioVersion = 16.0.29324.140
MinimumVisualStudioVersion = 10.0.40219.1
Project("{8BC9CEB8-8B4A-11D0-8D11-00A0C91BC942}") = "Client5", "Client5\Client5.vcxproj", "{0E7DC086-F32B-46E3-A9C2-79421C86E4A8}"
EndProject
Global
	GlobalSection(SolutionConfigurationPlatforms) = preSolution
		Debug|x64 = Debug|x64
		Debug|x86 = Debug|x86
		Release|x64 = Release|x64
		Release|x86 = Release|x86
	EndGlobalSection
	GlobalSection(ProjectConfigurationPlatforms) = postSolution
		{0E7DC086-F32B-46E3-A9C2-79421C86E4A8}.Debug|x64.ActiveCfg = Debug|x64
		{0E7DC086-F32B-46E3-A9C2-79421C86E4A8}.Debug|x64.Build.0 = Debug|x64
		{0E7DC086-F32B-46E3-A9C2-79421C86E4A8}.Debug|x86.ActiveCfg = Debug|Win32
		{0E7DC086-F32B-46E3-A9C2-79421C86E4A8}.Debug|x86.Build.0 = Debug|Win32
		{0E7DC086-F32B-46E3-A9C2-79421C86E4A8}.Release|x64.ActiveCfg = Release|x64
		{0E7DC086-F32B-46E3-A9C2-79421C86E4A8}.Release|x64.Build.0 = Release|x64
		{0E7DC086-F32B-46E3-A9C2-79421C86E4A8}.Release|x86.ActiveCfg = Release|Win32
		{0E7DC086-F32B-46E3-A9C2-79421C86E4A8}.Release|x86.Build.0 = Release|Win32
	EndGlobalSection
	GlobalSection(SolutionProperties) = preSolution
		HideSolutionNode = FALSE
	EndGlobalSection
	GlobalSection(ExtensibilityGlobals) = postSolution
		SolutionGuid = {E415A368-D9B3-4B66-94B1-A19F4A74E8D4}
	EndGlobalSection
EndGlobal
